PODS:
  - AFNetworking (3.1.0):
    - AFNetworking/NSURLSession (= 3.1.0)
    - AFNetworking/Reachability (= 3.1.0)
    - AFNetworking/Security (= 3.1.0)
    - AFNetworking/Serialization (= 3.1.0)
    - AFNetworking/UIKit (= 3.1.0)
  - AFNetworking/NSURLSession (3.1.0):
    - AFNetworking/Reachability
    - AFNetworking/Security
    - AFNetworking/Serialization
  - AFNetworking/Reachability (3.1.0)
  - AFNetworking/Security (3.1.0)
  - AFNetworking/Serialization (3.1.0)
  - AFNetworking/UIKit (3.1.0):
    - AFNetworking/NSURLSession
  - DZNEmptyDataSet (1.8.1)
  - IQKeyboardManager (4.0.8)
  - JSPatch (1.1.2):
    - JSPatch/Core (= 1.1.2)
  - JSPatch/Core (1.1.2)
  - JSPatchPlatform (1.6.6):
    - JSPatchPlatform/Core (= 1.6.6)
  - JSPatchPlatform/Core (1.6.6):
    - JSPatch
  - Masonry (1.0.2)
  - MJExtension (3.0.13)
  - MJRefresh (3.1.12)
  - ReactiveObjC (2.1.2)
  - RESideMenu (4.0.7)
  - RxWebViewController (0.0.2)
  - SAMKeychain (1.5.2)
  - SDCycleScrollView (1.65):
    - SDWebImage (~> 3.7)
  - SDWebImage (3.8.2):
    - SDWebImage/Core (= 3.8.2)
  - SDWebImage/Core (3.8.2)
  - SVProgressHUD (2.1.2)
  - UITableView+FDTemplateLayoutCell (1.4)
  - WebViewJavascriptBridge (6.0.2)

DEPENDENCIES:
  - AFNetworking
  - DZNEmptyDataSet
  - IQKeyboardManager
  - JSPatchPlatform
  - Masonry
  - MJExtension
  - MJRefresh
  - ReactiveObjC
  - RESideMenu
  - RxWebViewController
  - SAMKeychain
  - SDCycleScrollView
  - SDWebImage
  - SVProgressHUD
  - UITableView+FDTemplateLayoutCell
  - WebViewJavascriptBridge

SPEC CHECKSUMS:
  AFNetworking: 5e0e199f73d8626b11e79750991f5d173d1f8b67
  DZNEmptyDataSet: 9525833b9e68ac21c30253e1d3d7076cc828eaa7
  IQKeyboardManager: 1a8189fa153bf09044355ee0ad36826f6767e7f7
  JSPatch: 741205ebb2e2238c223a436e4c8cf75cf40a345f
  JSPatchPlatform: 8cc9aaebe21109d5fdfb4500384ddf38ed0990e9
  Masonry: 7c429b56da9d4ee0bbb3ed77a5ea710d6a5df39e
  MJExtension: 5932755f451458eefa24239358817f8d291240c7
  MJRefresh: b96cdb21c4aa75a7b07654311ab2f315c497e806
  ReactiveObjC: 7b6782ae39f9ac0f57205c3b0c0b69b9dd7048c0
  RESideMenu: f24c508404b49c667344c54aba7e590883533958
  RxWebViewController: 79bcbf51aff13d93db9779404348b052ab0cd440
  SAMKeychain: 1865333198217411f35327e8da61b43de79b635b
  SDCycleScrollView: f72904c77698a7f93a41bcbbc2d78b073bf7326c
  SDWebImage: 098e97e6176540799c27e804c96653ee0833d13c
  SVProgressHUD: c404a55d78acbeb7ebb78b76d3faf986475a6994
  UITableView+FDTemplateLayoutCell: 234e1582bcc4e18461af91155123bb96538ed030
  WebViewJavascriptBridge: 791ee0e26d1bf15efe5fb7fb9666a71a19b89d77

PODFILE CHECKSUM: 4cf068ca64c2cdd9b83d6988c059f3f45242fe9f

COCOAPODS: 1.2.0
